
Microsoft Visual Studio Solution File, Format Version 12.00
# Visual Studio 15
Project("{FAE04EC0-301F-11D3-BF4B-00C04F79EFBC}") = "Assembly-CSharp", "Assembly-CSharp.csproj", "{009F4107-C7C8-BD12-B1C8-19370F885D9F}"
EndProject
Global
	GlobalSection(SolutionConfigurationPlatforms) = preSolution
		Debug|Any CPU = Debug|Any CPU
		Release|Any CPU = Release|Any CPU
	EndGlobalSection
	GlobalSection(ProjectConfigurationPlatforms) = postSolution
		{009F4107-C7C8-BD12-B1C8-19370F885D9F}.Debug|Any CPU.ActiveCfg = Debug|Any CPU
		{009F4107-C7C8-BD12-B1C8-19370F885D9F}.Debug|Any CPU.Build.0 = Debug|Any CPU
		{009F4107-C7C8-BD12-B1C8-19370F885D9F}.Release|Any CPU.ActiveCfg = Release|Any CPU
		{009F4107-C7C8-BD12-B1C8-19370F885D9F}.Release|Any CPU.Build.0 = Release|Any CPU
	EndGlobalSection
	GlobalSection(SolutionProperties) = preSolution
		HideSolutionNode = FALSE
	EndGlobalSection
EndGlobal
